
Microsoft Visual Studio Solution File, Format Version 12.00
# Visual Studio Version 17
VisualStudioVersion = 17.0.32014.148
MinimumVisualStudioVersion = 10.0.40219.1
Project("{FAE04EC0-301F-11D3-BF4B-00C04F79EFBC}") = "ItCoN2", "ItCoN2\ItCoN2.csproj", "{648108E4-83E3-4656-9D42-150B428FE7DC}"
EndProject
Global
	GlobalSection(SolutionConfigurationPlatforms) = preSolution
		Debug|Any CPU = Debug|Any CPU
		Release|Any CPU = Release|Any CPU
	EndGlobalSection
	GlobalSection(ProjectConfigurationPlatforms) = postSolution
		{648108E4-83E3-4656-9D42-150B428FE7DC}.Debug|Any CPU.ActiveCfg = Debug|Any CPU
		{648108E4-83E3-4656-9D42-150B428FE7DC}.Debug|Any CPU.Build.0 = Debug|Any CPU
		{648108E4-83E3-4656-9D42-150B428FE7DC}.Release|Any CPU.ActiveCfg = Release|Any CPU
		{648108E4-83E3-4656-9D42-150B428FE7DC}.Release|Any CPU.Build.0 = Release|Any CPU
	EndGlobalSection
	GlobalSection(SolutionProperties) = preSolution
		HideSolutionNode = FALSE
	EndGlobalSection
	GlobalSection(ExtensibilityGlobals) = postSolution
		SolutionGuid = {36329F5E-2455-4E5C-B24A-0154BAA615C1}
	EndGlobalSection
EndGlobal
